{
  "version": 4,
  "terraform_version": "1.5.7",
  "serial": 28,
  "lineage": "bcb61d53-7ff2-9761-30d3-392e330bbecf",
  "outputs": {
    "alb_dns_name": {
      "value": "robot-webhook-alb-us-east-1-1428034945.us-east-1.elb.amazonaws.com",
      "type": "string"
    },
    "alb_url": {
      "value": "https://webhook-east1.com",
      "type": "string"
    },
    "certificate_validation_records": {
      "value": [
        {
          "name": "_ea2193e1d909744c7a697d42b2da7692.webhook-east1.com.",
          "type": "CNAME",
          "value": "_a6188c5003c76281935d562f053f0b37.xlfgrmvvlj.acm-validations.aws."
        }
      ],
      "type": [
        "list",
        [
          "object",
          {
            "name": "string",
            "type": "string",
            "value": "string"
          }
        ]
      ]
    },
    "cloudwatch_log_group": {
      "value": "/ecs/robot-webhook-us-east-1",
      "type": "string"
    },
    "ecr_repository_url": {
      "value": "908027373537.dkr.ecr.us-east-1.amazonaws.com/robot-webhook",
      "type": "string"
    },
    "ecs_cluster_name": {
      "value": "robot-webhook-cluster-us-east-1",
      "type": "string"
    },
    "ecs_service_name": {
      "value": "robot-webhook-service",
      "type": "string"
    },
    "region": {
      "value": "us-east-1",
      "type": "string"
    },
    "webhook_endpoints": {
      "value": {
        "gas_webhook": "https://webhook-east1.com/api/gas/webhook",
        "health_check": "https://webhook-east1.com/api/webhook/health",
        "pudu_webhook": "https://webhook-east1.com/api/pudu/webhook"
      },
      "type": [
        "object",
        {
          "gas_webhook": "string",
          "health_check": "string",
          "pudu_webhook": "string"
        }
      ]
    }
  },
  "resources": [
    {
      "mode": "data",
      "type": "aws_subnets",
      "name": "default",
      "provider": "provider[\"registry.terraform.io/hashicorp/aws\"]",
      "instances": [
        {
          "schema_version": 0,
          "attributes": {
            "filter": [
              {
                "name": "vpc-id",
                "values": [
                  "vpc-05d1f367221c7475a"
                ]
              }
            ],
            "id": "us-east-1",
            "ids": [
              "subnet-0e48d2e2b72adb142",
              "subnet-0996fa3f6b8bdac2f",
              "subnet-03055f3c9f842eb95",
              "subnet-04f6ad29e22d232e4",
              "subnet-0e5acddd5cd6039aa",
              "subnet-01c5ce7dee4997739"
            ],
            "tags": null,
            "timeouts": null
          },
          "sensitive_attributes": []
        }
      ]
    },
    {
      "mode": "data",
      "type": "aws_vpc",
      "name": "default",
      "provider": "provider[\"registry.terraform.io/hashicorp/aws\"]",
      "instances": [
        {
          "schema_version": 0,
          "attributes": {
            "arn": "arn:aws:ec2:us-east-1:908027373537:vpc/vpc-05d1f367221c7475a",
            "cidr_block": "172.31.0.0/16",
            "cidr_block_associations": [
              {
                "association_id": "vpc-cidr-assoc-013fc6df912b0be1d",
                "cidr_block": "172.31.0.0/16",
                "state": "associated"
              }
            ],
            "default": true,
            "dhcp_options_id": "dopt-00145d65926e2bcc0",
            "enable_dns_hostnames": true,
            "enable_dns_support": true,
            "enable_network_address_usage_metrics": false,
            "filter": null,
            "id": "vpc-05d1f367221c7475a",
            "instance_tenancy": "default",
            "ipv6_association_id": "",
            "ipv6_cidr_block": "",
            "main_route_table_id": "rtb-072c684220fe5b1bd",
            "owner_id": "908027373537",
            "state": null,
            "tags": {},
            "timeouts": null
          },
          "sensitive_attributes": []
        }
      ]
    },
    {
      "mode": "managed",
      "type": "aws_acm_certificate",
      "name": "app",
      "provider": "provider[\"registry.terraform.io/hashicorp/aws\"]",
      "instances": [
        {
          "index_key": 0,
          "schema_version": 0,
          "attributes": {
            "arn": "arn:aws:acm:us-east-1:908027373537:certificate/b69bc844-d8c6-4ab8-9c23-5c4cbadf4aaf",
            "certificate_authority_arn": "",
            "certificate_body": null,
            "certificate_chain": null,
            "domain_name": "webhook-east1.com",
            "domain_validation_options": [
              {
                "domain_name": "webhook-east1.com",
                "resource_record_name": "_ea2193e1d909744c7a697d42b2da7692.webhook-east1.com.",
                "resource_record_type": "CNAME",
                "resource_record_value": "_a6188c5003c76281935d562f053f0b37.xlfgrmvvlj.acm-validations.aws."
              }
            ],
            "early_renewal_duration": "",
            "id": "arn:aws:acm:us-east-1:908027373537:certificate/b69bc844-d8c6-4ab8-9c23-5c4cbadf4aaf",
            "key_algorithm": "RSA_2048",
            "not_after": "2026-11-08T23:59:59Z",
            "not_before": "2025-10-10T00:00:00Z",
            "options": [
              {
                "certificate_transparency_logging_preference": "ENABLED"
              }
            ],
            "pending_renewal": false,
            "private_key": null,
            "renewal_eligibility": "ELIGIBLE",
            "renewal_summary": [],
            "status": "ISSUED",
            "subject_alternative_names": [
              "webhook-east1.com"
            ],
            "tags": {
              "Name": "robot-webhook-cert"
            },
            "tags_all": {
              "Name": "robot-webhook-cert"
            },
            "type": "AMAZON_ISSUED",
            "validation_emails": [],
            "validation_method": "DNS",
            "validation_option": []
          },
          "sensitive_attributes": [],
          "private": "bnVsbA==",
          "create_before_destroy": true
        }
      ]
    },
    {
      "mode": "managed",
      "type": "aws_acm_certificate_validation",
      "name": "app",
      "provider": "provider[\"registry.terraform.io/hashicorp/aws\"]",
      "instances": [
        {
          "index_key": 0,
          "schema_version": 0,
          "attributes": {
            "certificate_arn": "arn:aws:acm:us-east-1:908027373537:certificate/b69bc844-d8c6-4ab8-9c23-5c4cbadf4aaf",
            "id": "2025-10-10 13:32:32.544 +0000 UTC",
            "timeouts": null,
            "validation_record_fqdns": [
              "_ea2193e1d909744c7a697d42b2da7692.webhook-east1.com"
            ]
          },
          "sensitive_attributes": [],
          "private": "eyJlMmJmYjczMC1lY2FhLTExZTYtOGY4OC0zNDM2M2JjN2M0YzAiOnsiY3JlYXRlIjo0NTAwMDAwMDAwMDAwfX0=",
          "dependencies": [
            "aws_acm_certificate.app",
            "aws_route53_record.cert_validation"
          ]
        }
      ]
    },
    {
      "mode": "managed",
      "type": "aws_cloudwatch_log_group",
      "name": "app",
      "provider": "provider[\"registry.terraform.io/hashicorp/aws\"]",
      "instances": [
        {
          "schema_version": 0,
          "attributes": {
            "arn": "arn:aws:logs:us-east-1:908027373537:log-group:/ecs/robot-webhook-us-east-1",
            "id": "/ecs/robot-webhook-us-east-1",
            "kms_key_id": "",
            "name": "/ecs/robot-webhook-us-east-1",
            "name_prefix": "",
            "retention_in_days": 7,
            "skip_destroy": false,
            "tags": {
              "Name": "robot-webhook-logs"
            },
            "tags_all": {
              "Name": "robot-webhook-logs"
            }
          },
          "sensitive_attributes": [],
          "private": "bnVsbA=="
        }
      ]
    },
    {
      "mode": "managed",
      "type": "aws_ecs_cluster",
      "name": "main",
      "provider": "provider[\"registry.terraform.io/hashicorp/aws\"]",
      "instances": [
        {
          "schema_version": 0,
          "attributes": {
            "arn": "arn:aws:ecs:us-east-1:908027373537:cluster/robot-webhook-cluster-us-east-1",
            "capacity_providers": [],
            "configuration": [],
            "default_capacity_provider_strategy": [],
            "id": "arn:aws:ecs:us-east-1:908027373537:cluster/robot-webhook-cluster-us-east-1",
            "name": "robot-webhook-cluster-us-east-1",
            "service_connect_defaults": [],
            "setting": [
              {
                "name": "containerInsights",
                "value": "enabled"
              }
            ],
            "tags": {
              "Name": "robot-webhook-cluster"
            },
            "tags_all": {
              "Name": "robot-webhook-cluster"
            }
          },
          "sensitive_attributes": [],
          "private": "bnVsbA=="
        }
      ]
    },
    {
      "mode": "managed",
      "type": "aws_ecs_service",
      "name": "app",
      "provider": "provider[\"registry.terraform.io/hashicorp/aws\"]",
      "instances": [
        {
          "schema_version": 0,
          "attributes": {
            "alarms": [],
            "capacity_provider_strategy": [],
            "cluster": "arn:aws:ecs:us-east-1:908027373537:cluster/robot-webhook-cluster-us-east-1",
            "deployment_circuit_breaker": [
              {
                "enable": false,
                "rollback": false
              }
            ],
            "deployment_controller": [
              {
                "type": "ECS"
              }
            ],
            "deployment_maximum_percent": 200,
            "deployment_minimum_healthy_percent": 100,
            "desired_count": 1,
            "enable_ecs_managed_tags": false,
            "enable_execute_command": false,
            "force_new_deployment": null,
            "health_check_grace_period_seconds": 0,
            "iam_role": "/aws-service-role/ecs.amazonaws.com/AWSServiceRoleForECS",
            "id": "arn:aws:ecs:us-east-1:908027373537:service/robot-webhook-cluster-us-east-1/robot-webhook-service",
            "launch_type": "FARGATE",
            "load_balancer": [
              {
                "container_name": "robot-webhook-container",
                "container_port": 8000,
                "elb_name": "",
                "target_group_arn": "arn:aws:elasticloadbalancing:us-east-1:908027373537:targetgroup/robot-webhook-tg-us-east-1/a6876e4a7754460f"
              }
            ],
            "name": "robot-webhook-service",
            "network_configuration": [
              {
                "assign_public_ip": true,
                "security_groups": [
                  "sg-01dfc523239de434b"
                ],
                "subnets": [
                  "subnet-01c5ce7dee4997739",
                  "subnet-03055f3c9f842eb95",
                  "subnet-04f6ad29e22d232e4",
                  "subnet-0996fa3f6b8bdac2f",
                  "subnet-0e48d2e2b72adb142",
                  "subnet-0e5acddd5cd6039aa"
                ]
              }
            ],
            "ordered_placement_strategy": [],
            "placement_constraints": [],
            "platform_version": "LATEST",
            "propagate_tags": "NONE",
            "scheduling_strategy": "REPLICA",
            "service_connect_configuration": [],
            "service_registries": [],
            "tags": {
              "Name": "robot-webhook-service"
            },
            "tags_all": {
              "Name": "robot-webhook-service"
            },
            "task_definition": "arn:aws:ecs:us-east-1:908027373537:task-definition/robot-webhook-us-east-1:2",
            "timeouts": null,
            "triggers": {},
            "wait_for_steady_state": false
          },
          "sensitive_attributes": [],
          "private": "eyJlMmJmYjczMC1lY2FhLTExZTYtOGY4OC0zNDM2M2JjN2M0YzAiOnsiY3JlYXRlIjoxMjAwMDAwMDAwMDAwLCJkZWxldGUiOjEyMDAwMDAwMDAwMDAsInVwZGF0ZSI6MTIwMDAwMDAwMDAwMH19",
          "dependencies": [
            "aws_cloudwatch_log_group.app",
            "aws_ecs_cluster.main",
            "aws_ecs_task_definition.app",
            "aws_iam_role.ecs_task_execution_role",
            "aws_iam_role.ecs_task_role",
            "aws_iam_role_policy_attachment.ecs_task_execution_role_policy",
            "aws_lb.main",
            "aws_lb_listener.http",
            "aws_lb_target_group.app",
            "aws_security_group.alb",
            "aws_security_group.ecs_tasks",
            "data.aws_subnets.default",
            "data.aws_vpc.default"
          ]
        }
      ]
    },
    {
      "mode": "managed",
      "type": "aws_ecs_task_definition",
      "name": "app",
      "provider": "provider[\"registry.terraform.io/hashicorp/aws\"]",
      "instances": [
        {
          "schema_version": 1,
          "attributes": {
            "arn": "arn:aws:ecs:us-east-1:908027373537:task-definition/robot-webhook-us-east-1:2",
            "arn_without_revision": "arn:aws:ecs:us-east-1:908027373537:task-definition/robot-webhook-us-east-1",
            "container_definitions": "[{\"cpu\":0,\"environment\":[{\"name\":\"DEBUG\",\"value\":\"false\"},{\"name\":\"GAS_CALLBACK_CODE\",\"value\":\"378c0111-5d5d-4bdc-9cc5-e3d7bd3494d3\"},{\"name\":\"HOST\",\"value\":\"0.0.0.0\"},{\"name\":\"ICONS_CONFIG_PATH\",\"value\":\"icons.yaml\"},{\"name\":\"LOG_FILE\",\"value\":\"robot_callbacks.log\"},{\"name\":\"LOG_LEVEL\",\"value\":\"INFO\"},{\"name\":\"MAIN_DATABASE\",\"value\":\"ry-vue\"},{\"name\":\"NOTIFICATION_API_ENDPOINT\",\"value\":\"/notification-api/robot/notification/send\"},{\"name\":\"NOTIFICATION_API_HOST\",\"value\":\"alb-streamnexus-demo-775802511.us-east-1.elb.amazonaws.com\"},{\"name\":\"PORT\",\"value\":\"8000\"},{\"name\":\"PUDU_API_KEY\",\"value\":\"your_api_key_here\"},{\"name\":\"PUDU_CALLBACK_CODE\",\"value\":\"vFpG5Ga9o8NqdymFLicLfJVfqj6JU50qQYCs\"}],\"essential\":true,\"healthCheck\":{\"command\":[\"CMD-SHELL\",\"curl -f http://localhost:8000/api/webhook/health || exit 1\"],\"interval\":30,\"retries\":3,\"startPeriod\":60,\"timeout\":5},\"image\":\"908027373537.dkr.ecr.us-east-1.amazonaws.com/robot-webhook:latest\",\"logConfiguration\":{\"logDriver\":\"awslogs\",\"options\":{\"awslogs-group\":\"/ecs/robot-webhook-us-east-1\",\"awslogs-region\":\"us-east-1\",\"awslogs-stream-prefix\":\"ecs\"}},\"mountPoints\":[],\"name\":\"robot-webhook-container\",\"portMappings\":[{\"containerPort\":8000,\"hostPort\":8000,\"protocol\":\"tcp\"}],\"systemControls\":[],\"volumesFrom\":[]}]",
            "cpu": "512",
            "ephemeral_storage": [],
            "execution_role_arn": "arn:aws:iam::908027373537:role/robot-webhook-ecs-task-execution-role-us-east-1",
            "family": "robot-webhook-us-east-1",
            "id": "robot-webhook-us-east-1",
            "inference_accelerator": [],
            "ipc_mode": "",
            "memory": "1024",
            "network_mode": "awsvpc",
            "pid_mode": "",
            "placement_constraints": [],
            "proxy_configuration": [],
            "requires_compatibilities": [
              "FARGATE"
            ],
            "revision": 2,
            "runtime_platform": [],
            "skip_destroy": false,
            "tags": {
              "Name": "robot-webhook-task-definition"
            },
            "tags_all": {
              "Name": "robot-webhook-task-definition"
            },
            "task_role_arn": "arn:aws:iam::908027373537:role/robot-webhook-ecs-task-role-us-east-1",
            "volume": []
          },
          "sensitive_attributes": [],
          "private": "eyJzY2hlbWFfdmVyc2lvbiI6IjEifQ==",
          "dependencies": [
            "aws_cloudwatch_log_group.app",
            "aws_iam_role.ecs_task_execution_role",
            "aws_iam_role.ecs_task_role"
          ]
        }
      ]
    },
    {
      "mode": "managed",
      "type": "aws_iam_role",
      "name": "ecs_task_execution_role",
      "provider": "provider[\"registry.terraform.io/hashicorp/aws\"]",
      "instances": [
        {
          "schema_version": 0,
          "attributes": {
            "arn": "arn:aws:iam::908027373537:role/robot-webhook-ecs-task-execution-role-us-east-1",
            "assume_role_policy": "{\"Statement\":[{\"Action\":\"sts:AssumeRole\",\"Effect\":\"Allow\",\"Principal\":{\"Service\":\"ecs-tasks.amazonaws.com\"}}],\"Version\":\"2012-10-17\"}",
            "create_date": "2025-10-10T09:25:16Z",
            "description": "",
            "force_detach_policies": false,
            "id": "robot-webhook-ecs-task-execution-role-us-east-1",
            "inline_policy": [],
            "managed_policy_arns": [
              "arn:aws:iam::aws:policy/service-role/AmazonECSTaskExecutionRolePolicy"
            ],
            "max_session_duration": 3600,
            "name": "robot-webhook-ecs-task-execution-role-us-east-1",
            "name_prefix": "",
            "path": "/",
            "permissions_boundary": null,
            "role_last_used": [
              {
                "last_used_date": "2025-10-17T16:57:58Z",
                "region": "us-east-1"
              }
            ],
            "tags": {},
            "tags_all": {},
            "unique_id": "AROA5G2VGE7QSBXTH4CYO"
          },
          "sensitive_attributes": [],
          "private": "bnVsbA=="
        }
      ]
    },
    {
      "mode": "managed",
      "type": "aws_iam_role",
      "name": "ecs_task_role",
      "provider": "provider[\"registry.terraform.io/hashicorp/aws\"]",
      "instances": [
        {
          "schema_version": 0,
          "attributes": {
            "arn": "arn:aws:iam::908027373537:role/robot-webhook-ecs-task-role-us-east-1",
            "assume_role_policy": "{\"Statement\":[{\"Action\":\"sts:AssumeRole\",\"Effect\":\"Allow\",\"Principal\":{\"Service\":\"ecs-tasks.amazonaws.com\"}}],\"Version\":\"2012-10-17\"}",
            "create_date": "2025-10-10T09:25:16Z",
            "description": "",
            "force_detach_policies": false,
            "id": "robot-webhook-ecs-task-role-us-east-1",
            "inline_policy": [
              {
                "name": "robot-webhook-ecs-task-policy",
                "policy": "{\"Version\":\"2012-10-17\",\"Statement\":[{\"Action\":[\"secretsmanager:GetSecretValue\",\"secretsmanager:DescribeSecret\"],\"Effect\":\"Allow\",\"Resource\":\"arn:aws:secretsmanager:us-east-1:908027373537:secret:*\"},{\"Action\":[\"rds:DescribeDBInstances\",\"rds:DescribeDBClusters\"],\"Effect\":\"Allow\",\"Resource\":\"*\"}]}"
              }
            ],
            "managed_policy_arns": [],
            "max_session_duration": 3600,
            "name": "robot-webhook-ecs-task-role-us-east-1",
            "name_prefix": "",
            "path": "/",
            "permissions_boundary": null,
            "role_last_used": [
              {
                "last_used_date": "2025-10-17T16:58:15Z",
                "region": "us-east-1"
              }
            ],
            "tags": {},
            "tags_all": {},
            "unique_id": "AROA5G2VGE7QXITDS2R2L"
          },
          "sensitive_attributes": [],
          "private": "bnVsbA=="
        }
      ]
    },
    {
      "mode": "managed",
      "type": "aws_iam_role_policy",
      "name": "ecs_task_policy",
      "provider": "provider[\"registry.terraform.io/hashicorp/aws\"]",
      "instances": [
        {
          "schema_version": 0,
          "attributes": {
            "id": "robot-webhook-ecs-task-role-us-east-1:robot-webhook-ecs-task-policy",
            "name": "robot-webhook-ecs-task-policy",
            "name_prefix": null,
            "policy": "{\"Version\":\"2012-10-17\",\"Statement\":[{\"Action\":[\"secretsmanager:GetSecretValue\",\"secretsmanager:DescribeSecret\"],\"Effect\":\"Allow\",\"Resource\":\"arn:aws:secretsmanager:us-east-1:908027373537:secret:*\"},{\"Action\":[\"rds:DescribeDBInstances\",\"rds:DescribeDBClusters\"],\"Effect\":\"Allow\",\"Resource\":\"*\"}]}",
            "role": "robot-webhook-ecs-task-role-us-east-1"
          },
          "sensitive_attributes": [],
          "private": "bnVsbA==",
          "dependencies": [
            "aws_iam_role.ecs_task_role"
          ]
        }
      ]
    },
    {
      "mode": "managed",
      "type": "aws_iam_role_policy_attachment",
      "name": "ecs_task_execution_role_policy",
      "provider": "provider[\"registry.terraform.io/hashicorp/aws\"]",
      "instances": [
        {
          "schema_version": 0,
          "attributes": {
            "id": "robot-webhook-ecs-task-execution-role-us-east-1-20251010092517765300000001",
            "policy_arn": "arn:aws:iam::aws:policy/service-role/AmazonECSTaskExecutionRolePolicy",
            "role": "robot-webhook-ecs-task-execution-role-us-east-1"
          },
          "sensitive_attributes": [],
          "private": "bnVsbA==",
          "dependencies": [
            "aws_iam_role.ecs_task_execution_role"
          ]
        }
      ]
    },
    {
      "mode": "managed",
      "type": "aws_lb",
      "name": "main",
      "provider": "provider[\"registry.terraform.io/hashicorp/aws\"]",
      "instances": [
        {
          "schema_version": 0,
          "attributes": {
            "access_logs": [
              {
                "bucket": "",
                "enabled": false,
                "prefix": ""
              }
            ],
            "arn": "arn:aws:elasticloadbalancing:us-east-1:908027373537:loadbalancer/app/robot-webhook-alb-us-east-1/8f12f0623693a270",
            "arn_suffix": "app/robot-webhook-alb-us-east-1/8f12f0623693a270",
            "customer_owned_ipv4_pool": "",
            "desync_mitigation_mode": "defensive",
            "dns_name": "robot-webhook-alb-us-east-1-1428034945.us-east-1.elb.amazonaws.com",
            "drop_invalid_header_fields": false,
            "enable_cross_zone_load_balancing": true,
            "enable_deletion_protection": false,
            "enable_http2": true,
            "enable_tls_version_and_cipher_suite_headers": false,
            "enable_waf_fail_open": false,
            "enable_xff_client_port": false,
            "id": "arn:aws:elasticloadbalancing:us-east-1:908027373537:loadbalancer/app/robot-webhook-alb-us-east-1/8f12f0623693a270",
            "idle_timeout": 60,
            "internal": false,
            "ip_address_type": "ipv4",
            "load_balancer_type": "application",
            "name": "robot-webhook-alb-us-east-1",
            "name_prefix": null,
            "preserve_host_header": false,
            "security_groups": [
              "sg-0830eed5aff04fee8"
            ],
            "subnet_mapping": [
              {
                "allocation_id": "",
                "ipv6_address": "",
                "outpost_id": "",
                "private_ipv4_address": "",
                "subnet_id": "subnet-01c5ce7dee4997739"
              },
              {
                "allocation_id": "",
                "ipv6_address": "",
                "outpost_id": "",
                "private_ipv4_address": "",
                "subnet_id": "subnet-03055f3c9f842eb95"
              },
              {
                "allocation_id": "",
                "ipv6_address": "",
                "outpost_id": "",
                "private_ipv4_address": "",
                "subnet_id": "subnet-04f6ad29e22d232e4"
              },
              {
                "allocation_id": "",
                "ipv6_address": "",
                "outpost_id": "",
                "private_ipv4_address": "",
                "subnet_id": "subnet-0996fa3f6b8bdac2f"
              },
              {
                "allocation_id": "",
                "ipv6_address": "",
                "outpost_id": "",
                "private_ipv4_address": "",
                "subnet_id": "subnet-0e48d2e2b72adb142"
              },
              {
                "allocation_id": "",
                "ipv6_address": "",
                "outpost_id": "",
                "private_ipv4_address": "",
                "subnet_id": "subnet-0e5acddd5cd6039aa"
              }
            ],
            "subnets": [
              "subnet-01c5ce7dee4997739",
              "subnet-03055f3c9f842eb95",
              "subnet-04f6ad29e22d232e4",
              "subnet-0996fa3f6b8bdac2f",
              "subnet-0e48d2e2b72adb142",
              "subnet-0e5acddd5cd6039aa"
            ],
            "tags": {
              "Name": "robot-webhook-alb"
            },
            "tags_all": {
              "Name": "robot-webhook-alb"
            },
            "timeouts": null,
            "vpc_id": "vpc-05d1f367221c7475a",
            "xff_header_processing_mode": "append",
            "zone_id": "Z35SXDOTRQ7X7K"
          },
          "sensitive_attributes": [],
          "private": "eyJlMmJmYjczMC1lY2FhLTExZTYtOGY4OC0zNDM2M2JjN2M0YzAiOnsiY3JlYXRlIjo2MDAwMDAwMDAwMDAsImRlbGV0ZSI6NjAwMDAwMDAwMDAwLCJ1cGRhdGUiOjYwMDAwMDAwMDAwMH19",
          "dependencies": [
            "aws_security_group.alb",
            "data.aws_subnets.default",
            "data.aws_vpc.default"
          ]
        }
      ]
    },
    {
      "mode": "managed",
      "type": "aws_lb_listener",
      "name": "http",
      "provider": "provider[\"registry.terraform.io/hashicorp/aws\"]",
      "instances": [
        {
          "schema_version": 0,
          "attributes": {
            "alpn_policy": null,
            "arn": "arn:aws:elasticloadbalancing:us-east-1:908027373537:listener/app/robot-webhook-alb-us-east-1/8f12f0623693a270/c1e10048c1214948",
            "certificate_arn": null,
            "default_action": [
              {
                "authenticate_cognito": [],
                "authenticate_oidc": [],
                "fixed_response": [],
                "forward": [],
                "order": 1,
                "redirect": [
                  {
                    "host": "#{host}",
                    "path": "/#{path}",
                    "port": "443",
                    "protocol": "HTTPS",
                    "query": "#{query}",
                    "status_code": "HTTP_301"
                  }
                ],
                "target_group_arn": "",
                "type": "redirect"
              }
            ],
            "id": "arn:aws:elasticloadbalancing:us-east-1:908027373537:listener/app/robot-webhook-alb-us-east-1/8f12f0623693a270/c1e10048c1214948",
            "load_balancer_arn": "arn:aws:elasticloadbalancing:us-east-1:908027373537:loadbalancer/app/robot-webhook-alb-us-east-1/8f12f0623693a270",
            "port": 80,
            "protocol": "HTTP",
            "ssl_policy": "",
            "tags": {},
            "tags_all": {},
            "timeouts": null
          },
          "sensitive_attributes": [],
          "private": "eyJlMmJmYjczMC1lY2FhLTExZTYtOGY4OC0zNDM2M2JjN2M0YzAiOnsicmVhZCI6NjAwMDAwMDAwMDAwfX0=",
          "dependencies": [
            "aws_lb.main",
            "aws_lb_target_group.app",
            "aws_security_group.alb",
            "data.aws_subnets.default",
            "data.aws_vpc.default"
          ]
        }
      ]
    },
    {
      "mode": "managed",
      "type": "aws_lb_listener",
      "name": "https",
      "provider": "provider[\"registry.terraform.io/hashicorp/aws\"]",
      "instances": [
        {
          "index_key": 0,
          "schema_version": 0,
          "attributes": {
            "alpn_policy": null,
            "arn": "arn:aws:elasticloadbalancing:us-east-1:908027373537:listener/app/robot-webhook-alb-us-east-1/8f12f0623693a270/743108ca9384f37a",
            "certificate_arn": "arn:aws:acm:us-east-1:908027373537:certificate/b69bc844-d8c6-4ab8-9c23-5c4cbadf4aaf",
            "default_action": [
              {
                "authenticate_cognito": [],
                "authenticate_oidc": [],
                "fixed_response": [],
                "forward": [],
                "order": 1,
                "redirect": [],
                "target_group_arn": "arn:aws:elasticloadbalancing:us-east-1:908027373537:targetgroup/robot-webhook-tg-us-east-1/a6876e4a7754460f",
                "type": "forward"
              }
            ],
            "id": "arn:aws:elasticloadbalancing:us-east-1:908027373537:listener/app/robot-webhook-alb-us-east-1/8f12f0623693a270/743108ca9384f37a",
            "load_balancer_arn": "arn:aws:elasticloadbalancing:us-east-1:908027373537:loadbalancer/app/robot-webhook-alb-us-east-1/8f12f0623693a270",
            "port": 443,
            "protocol": "HTTPS",
            "ssl_policy": "ELBSecurityPolicy-TLS13-1-2-2021-06",
            "tags": {},
            "tags_all": {},
            "timeouts": null
          },
          "sensitive_attributes": [],
          "private": "eyJlMmJmYjczMC1lY2FhLTExZTYtOGY4OC0zNDM2M2JjN2M0YzAiOnsicmVhZCI6NjAwMDAwMDAwMDAwfX0=",
          "dependencies": [
            "aws_acm_certificate.app",
            "aws_acm_certificate_validation.app",
            "aws_lb.main",
            "aws_lb_target_group.app",
            "aws_route53_record.cert_validation",
            "aws_security_group.alb",
            "data.aws_subnets.default",
            "data.aws_vpc.default"
          ]
        }
      ]
    },
    {
      "mode": "managed",
      "type": "aws_lb_target_group",
      "name": "app",
      "provider": "provider[\"registry.terraform.io/hashicorp/aws\"]",
      "instances": [
        {
          "schema_version": 0,
          "attributes": {
            "arn": "arn:aws:elasticloadbalancing:us-east-1:908027373537:targetgroup/robot-webhook-tg-us-east-1/a6876e4a7754460f",
            "arn_suffix": "targetgroup/robot-webhook-tg-us-east-1/a6876e4a7754460f",
            "connection_termination": false,
            "deregistration_delay": "30",
            "health_check": [
              {
                "enabled": true,
                "healthy_threshold": 2,
                "interval": 30,
                "matcher": "200",
                "path": "/api/webhook/health",
                "port": "traffic-port",
                "protocol": "HTTP",
                "timeout": 5,
                "unhealthy_threshold": 2
              }
            ],
            "id": "arn:aws:elasticloadbalancing:us-east-1:908027373537:targetgroup/robot-webhook-tg-us-east-1/a6876e4a7754460f",
            "ip_address_type": "ipv4",
            "lambda_multi_value_headers_enabled": false,
            "load_balancing_algorithm_type": "round_robin",
            "load_balancing_cross_zone_enabled": "use_load_balancer_configuration",
            "name": "robot-webhook-tg-us-east-1",
            "name_prefix": null,
            "port": 8000,
            "preserve_client_ip": null,
            "protocol": "HTTP",
            "protocol_version": "HTTP1",
            "proxy_protocol_v2": false,
            "slow_start": 0,
            "stickiness": [
              {
                "cookie_duration": 86400,
                "cookie_name": "",
                "enabled": false,
                "type": "lb_cookie"
              }
            ],
            "tags": {
              "Name": "robot-webhook-tg"
            },
            "tags_all": {
              "Name": "robot-webhook-tg"
            },
            "target_failover": [
              {
                "on_deregistration": null,
                "on_unhealthy": null
              }
            ],
            "target_type": "ip",
            "vpc_id": "vpc-05d1f367221c7475a"
          },
          "sensitive_attributes": [],
          "private": "bnVsbA==",
          "dependencies": [
            "data.aws_vpc.default"
          ]
        }
      ]
    },
    {
      "mode": "managed",
      "type": "aws_route53_record",
      "name": "app",
      "provider": "provider[\"registry.terraform.io/hashicorp/aws\"]",
      "instances": [
        {
          "index_key": 0,
          "schema_version": 2,
          "attributes": {
            "alias": [
              {
                "evaluate_target_health": true,
                "name": "robot-webhook-alb-us-east-1-1428034945.us-east-1.elb.amazonaws.com",
                "zone_id": "Z35SXDOTRQ7X7K"
              }
            ],
            "allow_overwrite": null,
            "cidr_routing_policy": [],
            "failover_routing_policy": [],
            "fqdn": "webhook-east1.com",
            "geolocation_routing_policy": [],
            "health_check_id": "",
            "id": "Z10056663J1NAES793Y4U_webhook-east1.com_A",
            "latency_routing_policy": [],
            "multivalue_answer_routing_policy": false,
            "name": "webhook-east1.com",
            "records": [],
            "set_identifier": "",
            "ttl": 0,
            "type": "A",
            "weighted_routing_policy": [],
            "zone_id": "Z10056663J1NAES793Y4U"
          },
          "sensitive_attributes": [],
          "private": "eyJzY2hlbWFfdmVyc2lvbiI6IjIifQ==",
          "dependencies": [
            "aws_lb.main",
            "aws_security_group.alb",
            "data.aws_subnets.default",
            "data.aws_vpc.default"
          ]
        }
      ]
    },
    {
      "mode": "managed",
      "type": "aws_route53_record",
      "name": "cert_validation",
      "provider": "provider[\"registry.terraform.io/hashicorp/aws\"]",
      "instances": [
        {
          "index_key": "webhook-east1.com",
          "schema_version": 2,
          "attributes": {
            "alias": [],
            "allow_overwrite": true,
            "cidr_routing_policy": [],
            "failover_routing_policy": [],
            "fqdn": "_ea2193e1d909744c7a697d42b2da7692.webhook-east1.com",
            "geolocation_routing_policy": [],
            "health_check_id": "",
            "id": "Z10056663J1NAES793Y4U__ea2193e1d909744c7a697d42b2da7692.webhook-east1.com._CNAME",
            "latency_routing_policy": [],
            "multivalue_answer_routing_policy": false,
            "name": "_ea2193e1d909744c7a697d42b2da7692.webhook-east1.com",
            "records": [
              "_a6188c5003c76281935d562f053f0b37.xlfgrmvvlj.acm-validations.aws."
            ],
            "set_identifier": "",
            "ttl": 60,
            "type": "CNAME",
            "weighted_routing_policy": [],
            "zone_id": "Z10056663J1NAES793Y4U"
          },
          "sensitive_attributes": [],
          "private": "eyJzY2hlbWFfdmVyc2lvbiI6IjIifQ==",
          "dependencies": [
            "aws_acm_certificate.app"
          ]
        }
      ]
    },
    {
      "mode": "managed",
      "type": "aws_security_group",
      "name": "alb",
      "provider": "provider[\"registry.terraform.io/hashicorp/aws\"]",
      "instances": [
        {
          "schema_version": 1,
          "attributes": {
            "arn": "arn:aws:ec2:us-east-1:908027373537:security-group/sg-0830eed5aff04fee8",
            "description": "Security group for ALB",
            "egress": [
              {
                "cidr_blocks": [
                  "0.0.0.0/0"
                ],
                "description": "Allow all outbound",
                "from_port": 0,
                "ipv6_cidr_blocks": [],
                "prefix_list_ids": [],
                "protocol": "-1",
                "security_groups": [],
                "self": false,
                "to_port": 0
              }
            ],
            "id": "sg-0830eed5aff04fee8",
            "ingress": [
              {
                "cidr_blocks": [
                  "0.0.0.0/0"
                ],
                "description": "Allow HTTP",
                "from_port": 80,
                "ipv6_cidr_blocks": [],
                "prefix_list_ids": [],
                "protocol": "tcp",
                "security_groups": [],
                "self": false,
                "to_port": 80
              },
              {
                "cidr_blocks": [
                  "0.0.0.0/0"
                ],
                "description": "Allow HTTPS",
                "from_port": 443,
                "ipv6_cidr_blocks": [],
                "prefix_list_ids": [],
                "protocol": "tcp",
                "security_groups": [],
                "self": false,
                "to_port": 443
              }
            ],
            "name": "robot-webhook-alb-sg-us-east-1",
            "name_prefix": "",
            "owner_id": "908027373537",
            "revoke_rules_on_delete": false,
            "tags": {
              "Name": "robot-webhook-alb-sg"
            },
            "tags_all": {
              "Name": "robot-webhook-alb-sg"
            },
            "timeouts": null,
            "vpc_id": "vpc-05d1f367221c7475a"
          },
          "sensitive_attributes": [],
          "private": "eyJlMmJmYjczMC1lY2FhLTExZTYtOGY4OC0zNDM2M2JjN2M0YzAiOnsiY3JlYXRlIjo2MDAwMDAwMDAwMDAsImRlbGV0ZSI6OTAwMDAwMDAwMDAwfSwic2NoZW1hX3ZlcnNpb24iOiIxIn0=",
          "dependencies": [
            "data.aws_vpc.default"
          ]
        }
      ]
    },
    {
      "mode": "managed",
      "type": "aws_security_group",
      "name": "ecs_tasks",
      "provider": "provider[\"registry.terraform.io/hashicorp/aws\"]",
      "instances": [
        {
          "schema_version": 1,
          "attributes": {
            "arn": "arn:aws:ec2:us-east-1:908027373537:security-group/sg-01dfc523239de434b",
            "description": "Security group for ECS tasks",
            "egress": [
              {
                "cidr_blocks": [
                  "0.0.0.0/0"
                ],
                "description": "Allow all outbound",
                "from_port": 0,
                "ipv6_cidr_blocks": [],
                "prefix_list_ids": [],
                "protocol": "-1",
                "security_groups": [],
                "self": false,
                "to_port": 0
              }
            ],
            "id": "sg-01dfc523239de434b",
            "ingress": [
              {
                "cidr_blocks": [],
                "description": "Allow traffic from ALB",
                "from_port": 8000,
                "ipv6_cidr_blocks": [],
                "prefix_list_ids": [],
                "protocol": "tcp",
                "security_groups": [
                  "sg-0830eed5aff04fee8"
                ],
                "self": false,
                "to_port": 8000
              }
            ],
            "name": "robot-webhook-ecs-tasks-sg-us-east-1",
            "name_prefix": "",
            "owner_id": "908027373537",
            "revoke_rules_on_delete": false,
            "tags": {
              "Name": "robot-webhook-ecs-tasks-sg"
            },
            "tags_all": {
              "Name": "robot-webhook-ecs-tasks-sg"
            },
            "timeouts": null,
            "vpc_id": "vpc-05d1f367221c7475a"
          },
          "sensitive_attributes": [],
          "private": "eyJlMmJmYjczMC1lY2FhLTExZTYtOGY4OC0zNDM2M2JjN2M0YzAiOnsiY3JlYXRlIjo2MDAwMDAwMDAwMDAsImRlbGV0ZSI6OTAwMDAwMDAwMDAwfSwic2NoZW1hX3ZlcnNpb24iOiIxIn0=",
          "dependencies": [
            "aws_security_group.alb",
            "data.aws_vpc.default"
          ]
        }
      ]
    }
  ],
  "check_results": null
}
